github.com/moby/sys/mountinfo v0.7.2 h1:1shs6aH5s4o5H2zQLn796ADW1wMrIwHsyJ2v9KouLrg=
github.com/moby/sys/mountinfo v0.7.2/go.mod h1:1YOa8w8Ih7uW0wALDUgT1dTTSBrZ+HiBLGws92L2RU4=
github.com/seaweedfs/go-fuse/v2 v2.9.2 h1:IfP/yFjLGO4rALcJY2Gb39PlebHxLnj7dkIiQAjFres=
github.com/seaweedfs/go-fuse/v2 v2.9.2/go.mod h1:zABdmWEa6A0bwaBeEOBUeUkGIZlxUhcdv+V1Dcc/U/I=
golang.org/x/sys v0.28.0 h1:Fksou7UEQUWlKvIdsqzJmUmCX3cZuD2+P3XyyzwMhlA=
golang.org/x/sys v0.28.0/go.mod h1:/VUhepiaJMQUp4+oa/7Zr1D23ma6VTLIYjOOTFZPUcA=
